
Microsoft Visual Studio Solution File, Format Version 12.00
# Visual Studio Version 17
VisualStudioVersion = 17.7.34031.279
MinimumVisualStudioVersion = 10.0.40219.1
Project("{9A19103F-16F7-4668-BE54-9A1E7A4F7556}") = "OrganicShop.Domain", "OrganicShop.Domain\OrganicShop.Domain.csproj", "{865A5FF3-9ECA-4D52-B0A8-53E171A299C4}"
EndProject
Project("{9A19103F-16F7-4668-BE54-9A1E7A4F7556}") = "OrganicShop.DAL", "OrganicShop.DAL\OrganicShop.DAL.csproj", "{F4653890-C791-4AF4-986C-1D2C3D9CBF73}"
EndProject
Project("{9A19103F-16F7-4668-BE54-9A1E7A4F7556}") = "OrganicShop.Console", "OrganicShop.Console\OrganicShop.Console.csproj", "{9F14C6FF-CBA3-4915-A840-D354D198817B}"
	ProjectSection(ProjectDependencies) = postProject
		{2816DF1E-89AD-4A83-AF46-674E6503C8AD} = {2816DF1E-89AD-4A83-AF46-674E6503C8AD}
	EndProjectSection
EndProject
Project("{9A19103F-16F7-4668-BE54-9A1E7A4F7556}") = "OrganicShop.BLL", "OrganicShop.BLL\OrganicShop.BLL.csproj", "{C619A058-006A-4036-8C67-5B288BDE28F1}"
EndProject
Project("{9A19103F-16F7-4668-BE54-9A1E7A4F7556}") = "OrganicShop.Mvc", "OrganicShop.Mvc\OrganicShop.Mvc.csproj", "{70A05890-A181-479B-BAAF-0D4549EA3A8B}"
EndProject
Project("{9A19103F-16F7-4668-BE54-9A1E7A4F7556}") = "OrganicShop.Ioc", "OrganicShop.Ioc\OrganicShop.Ioc.csproj", "{2816DF1E-89AD-4A83-AF46-674E6503C8AD}"
EndProject
Project("{2150E333-8FDC-42A3-9474-1A3956D46DE8}") = "Domain", "Domain", "{196158EE-7C5C-4B81-9CAF-D891F3B01A28}"
EndProject
Project("{2150E333-8FDC-42A3-9474-1A3956D46DE8}") = "DAL", "DAL", "{BF0A0A21-5645-4093-94A8-5C03C8C43C56}"
EndProject
Project("{2150E333-8FDC-42A3-9474-1A3956D46DE8}") = "BLL", "BLL", "{906B4051-3FDB-425A-BCC1-E73597BF16B3}"
EndProject
Project("{2150E333-8FDC-42A3-9474-1A3956D46DE8}") = "Web", "Web", "{6E9C8725-3352-4264-B3F6-C42DF3B3FEEC}"
EndProject
Project("{2150E333-8FDC-42A3-9474-1A3956D46DE8}") = "Ioc", "Ioc", "{986B15F6-AA4D-4D92-8EA5-514B9170A1B2}"
EndProject
Project("{2150E333-8FDC-42A3-9474-1A3956D46DE8}") = "Test", "Test", "{636D35EA-D562-4268-9434-C3D89D25B539}"
EndProject
Global
	GlobalSection(SolutionConfigurationPlatforms) = preSolution
		Debug|Any CPU = Debug|Any CPU
		Release|Any CPU = Release|Any CPU
	EndGlobalSection
	GlobalSection(ProjectConfigurationPlatforms) = postSolution
		{865A5FF3-9ECA-4D52-B0A8-53E171A299C4}.Debug|Any CPU.ActiveCfg = Debug|Any CPU
		{865A5FF3-9ECA-4D52-B0A8-53E171A299C4}.Debug|Any CPU.Build.0 = Debug|Any CPU
		{865A5FF3-9ECA-4D52-B0A8-53E171A299C4}.Release|Any CPU.ActiveCfg = Release|Any CPU
		{865A5FF3-9ECA-4D52-B0A8-53E171A299C4}.Release|Any CPU.Build.0 = Release|Any CPU
		{F4653890-C791-4AF4-986C-1D2C3D9CBF73}.Debug|Any CPU.ActiveCfg = Debug|Any CPU
		{F4653890-C791-4AF4-986C-1D2C3D9CBF73}.Debug|Any CPU.Build.0 = Debug|Any CPU
		{F4653890-C791-4AF4-986C-1D2C3D9CBF73}.Release|Any CPU.ActiveCfg = Release|Any CPU
		{F4653890-C791-4AF4-986C-1D2C3D9CBF73}.Release|Any CPU.Build.0 = Release|Any CPU
		{9F14C6FF-CBA3-4915-A840-D354D198817B}.Debug|Any CPU.ActiveCfg = Debug|Any CPU
		{9F14C6FF-CBA3-4915-A840-D354D198817B}.Debug|Any CPU.Build.0 = Debug|Any CPU
		{9F14C6FF-CBA3-4915-A840-D354D198817B}.Release|Any CPU.ActiveCfg = Release|Any CPU
		{9F14C6FF-CBA3-4915-A840-D354D198817B}.Release|Any CPU.Build.0 = Release|Any CPU
		{C619A058-006A-4036-8C67-5B288BDE28F1}.Debug|Any CPU.ActiveCfg = Debug|Any CPU
		{C619A058-006A-4036-8C67-5B288BDE28F1}.Debug|Any CPU.Build.0 = Debug|Any CPU
		{C619A058-006A-4036-8C67-5B288BDE28F1}.Release|Any CPU.ActiveCfg = Release|Any CPU
		{C619A058-006A-4036-8C67-5B288BDE28F1}.Release|Any CPU.Build.0 = Release|Any CPU
		{70A05890-A181-479B-BAAF-0D4549EA3A8B}.Debug|Any CPU.ActiveCfg = Debug|Any CPU
		{70A05890-A181-479B-BAAF-0D4549EA3A8B}.Debug|Any CPU.Build.0 = Debug|Any CPU
		{70A05890-A181-479B-BAAF-0D4549EA3A8B}.Release|Any CPU.ActiveCfg = Release|Any CPU
		{70A05890-A181-479B-BAAF-0D4549EA3A8B}.Release|Any CPU.Build.0 = Release|Any CPU
		{2816DF1E-89AD-4A83-AF46-674E6503C8AD}.Debug|Any CPU.ActiveCfg = Debug|Any CPU
		{2816DF1E-89AD-4A83-AF46-674E6503C8AD}.Debug|Any CPU.Build.0 = Debug|Any CPU
		{2816DF1E-89AD-4A83-AF46-674E6503C8AD}.Release|Any CPU.ActiveCfg = Release|Any CPU
		{2816DF1E-89AD-4A83-AF46-674E6503C8AD}.Release|Any CPU.Build.0 = Release|Any CPU
	EndGlobalSection
	GlobalSection(SolutionProperties) = preSolution
		HideSolutionNode = FALSE
	EndGlobalSection
	GlobalSection(NestedProjects) = preSolution
		{865A5FF3-9ECA-4D52-B0A8-53E171A299C4} = {196158EE-7C5C-4B81-9CAF-D891F3B01A28}
		{F4653890-C791-4AF4-986C-1D2C3D9CBF73} = {BF0A0A21-5645-4093-94A8-5C03C8C43C56}
		{9F14C6FF-CBA3-4915-A840-D354D198817B} = {636D35EA-D562-4268-9434-C3D89D25B539}
		{C619A058-006A-4036-8C67-5B288BDE28F1} = {906B4051-3FDB-425A-BCC1-E73597BF16B3}
		{70A05890-A181-479B-BAAF-0D4549EA3A8B} = {6E9C8725-3352-4264-B3F6-C42DF3B3FEEC}
		{2816DF1E-89AD-4A83-AF46-674E6503C8AD} = {986B15F6-AA4D-4D92-8EA5-514B9170A1B2}
	EndGlobalSection
	GlobalSection(ExtensibilityGlobals) = postSolution
		SolutionGuid = {A42F6F8E-733E-4C8C-B2FE-D666980621F2}
	EndGlobalSection
EndGlobal
